
Microsoft Visual Studio Solution File, Format Version 12.00
# Visual Studio Version 16
VisualStudioVersion = 16.0.30621.155
MinimumVisualStudioVersion = 10.0.40219.1
Project("{FAE04EC0-301F-11D3-BF4B-00C04F79EFBC}") = "Hamnen", "Hamnen\Hamnen.csproj", "{E57A51ED-89E1-4273-B9E5-E0395EC88DE1}"
EndProject
Global
	GlobalSection(SolutionConfigurationPlatforms) = preSolution
		Debug|Any CPU = Debug|Any CPU
		Release|Any CPU = Release|Any CPU
	EndGlobalSection
	GlobalSection(ProjectConfigurationPlatforms) = postSolution
		{E57A51ED-89E1-4273-B9E5-E0395EC88DE1}.Debug|Any CPU.ActiveCfg = Debug|Any CPU
		{E57A51ED-89E1-4273-B9E5-E0395EC88DE1}.Debug|Any CPU.Build.0 = Debug|Any CPU
		{E57A51ED-89E1-4273-B9E5-E0395EC88DE1}.Release|Any CPU.ActiveCfg = Release|Any CPU
		{E57A51ED-89E1-4273-B9E5-E0395EC88DE1}.Release|Any CPU.Build.0 = Release|Any CPU
	EndGlobalSection
	GlobalSection(SolutionProperties) = preSolution
		HideSolutionNode = FALSE
	EndGlobalSection
	GlobalSection(ExtensibilityGlobals) = postSolution
		SolutionGuid = {5EC75B8C-AA43-4263-9670-522E01C906A9}
	EndGlobalSection
EndGlobal
